
Microsoft Visual Studio Solution File, Format Version 12.00
# Visual Studio Version 17
VisualStudioVersion = 17.0.32014.148
MinimumVisualStudioVersion = 10.0.40219.1
Project("{FAE04EC0-301F-11D3-BF4B-00C04F79EFBC}") = "ConsoleAulaEntity", "ConsoleAulaEntity\ConsoleAulaEntity.csproj", "{742EA428-5B70-4748-93D2-CFD8643820C2}"
EndProject
Global
	GlobalSection(SolutionConfigurationPlatforms) = preSolution
		Debug|Any CPU = Debug|Any CPU
		Release|Any CPU = Release|Any CPU
	EndGlobalSection
	GlobalSection(ProjectConfigurationPlatforms) = postSolution
		{742EA428-5B70-4748-93D2-CFD8643820C2}.Debug|Any CPU.ActiveCfg = Debug|Any CPU
		{742EA428-5B70-4748-93D2-CFD8643820C2}.Debug|Any CPU.Build.0 = Debug|Any CPU
		{742EA428-5B70-4748-93D2-CFD8643820C2}.Release|Any CPU.ActiveCfg = Release|Any CPU
		{742EA428-5B70-4748-93D2-CFD8643820C2}.Release|Any CPU.Build.0 = Release|Any CPU
	EndGlobalSection
	GlobalSection(SolutionProperties) = preSolution
		HideSolutionNode = FALSE
	EndGlobalSection
	GlobalSection(ExtensibilityGlobals) = postSolution
		SolutionGuid = {C3F08501-DF87-457B-90ED-D72EDA2EBB4F}
	EndGlobalSection
EndGlobal
